PODS:
  - EPSignature (1.0.7):
    - NBBottomSheet
  - NBBottomSheet (1.2.0)

DEPENDENCIES:
  - EPSignature (from `../../`)

SPEC REPOS:
  https://github.com/CocoaPods/Specs.git:
    - NBBottomSheet

EXTERNAL SOURCES:
  EPSignature:
    :path: "../../"

SPEC CHECKSUMS:
  EPSignature: adbbbdbbc6ee03689a86f03c5b216dcae29c9d79
  NBBottomSheet: aa7a52809b2d7b193f733247b8ce391a59904372

PODFILE CHECKSUM: 8c951f5983fb068317ee76dd91fdffa4b549bc94

COCOAPODS: 1.15.2
